
Microsoft Visual Studio Solution File, Format Version 12.00
# Visual Studio 15
VisualStudioVersion = 15.0.26730.16
MinimumVisualStudioVersion = 10.0.40219.1
Project("{FAE04EC0-301F-11D3-BF4B-00C04F79EFBC}") = "Resources", "Resources\Resources.csproj", "{18EB0075-0404-4BAA-80D9-CD72CFC229CD}"
EndProject
Project("{FAE04EC0-301F-11D3-BF4B-00C04F79EFBC}") = "ResourcesFramework", "ResourcesFramework\ResourcesFramework.csproj", "{0D3483E3-49FE-4D12-81CB-67D52F83618C}"
EndProject
Global
	GlobalSection(SolutionConfigurationPlatforms) = preSolution
		Debug|Any CPU = Debug|Any CPU
		Release|Any CPU = Release|Any CPU
	EndGlobalSection
	GlobalSection(ProjectConfigurationPlatforms) = postSolution
		{18EB0075-0404-4BAA-80D9-CD72CFC229CD}.Debug|Any CPU.ActiveCfg = Debug|Any CPU
		{18EB0075-0404-4BAA-80D9-CD72CFC229CD}.Debug|Any CPU.Build.0 = Debug|Any CPU
		{18EB0075-0404-4BAA-80D9-CD72CFC229CD}.Release|Any CPU.ActiveCfg = Release|Any CPU
		{18EB0075-0404-4BAA-80D9-CD72CFC229CD}.Release|Any CPU.Build.0 = Release|Any CPU
		{0D3483E3-49FE-4D12-81CB-67D52F83618C}.Debug|Any CPU.ActiveCfg = Debug|Any CPU
		{0D3483E3-49FE-4D12-81CB-67D52F83618C}.Debug|Any CPU.Build.0 = Debug|Any CPU
		{0D3483E3-49FE-4D12-81CB-67D52F83618C}.Release|Any CPU.ActiveCfg = Release|Any CPU
		{0D3483E3-49FE-4D12-81CB-67D52F83618C}.Release|Any CPU.Build.0 = Release|Any CPU
	EndGlobalSection
	GlobalSection(SolutionProperties) = preSolution
		HideSolutionNode = FALSE
	EndGlobalSection
	GlobalSection(ExtensibilityGlobals) = postSolution
		SolutionGuid = {47B6AA16-348A-46CF-8373-F8DC82B46CD7}
	EndGlobalSection
EndGlobal
