
Microsoft Visual Studio Solution File, Format Version 12.00
# Visual Studio 15
VisualStudioVersion = 15.0.26730.16
MinimumVisualStudioVersion = 10.0.40219.1
Project("{FAE04EC0-301F-11D3-BF4B-00C04F79EFBC}") = "RelativeSourceFindAncestor", "RelativeSourceFindAncestor\RelativeSourceFindAncestor.csproj", "{BEF1D68F-034D-494A-8C30-BC182E619B3C}"
EndProject
Global
	GlobalSection(SolutionConfigurationPlatforms) = preSolution
		Debug|Any CPU = Debug|Any CPU
		Release|Any CPU = Release|Any CPU
	EndGlobalSection
	GlobalSection(ProjectConfigurationPlatforms) = postSolution
		{BEF1D68F-034D-494A-8C30-BC182E619B3C}.Debug|Any CPU.ActiveCfg = Debug|Any CPU
		{BEF1D68F-034D-494A-8C30-BC182E619B3C}.Debug|Any CPU.Build.0 = Debug|Any CPU
		{BEF1D68F-034D-494A-8C30-BC182E619B3C}.Release|Any CPU.ActiveCfg = Release|Any CPU
		{BEF1D68F-034D-494A-8C30-BC182E619B3C}.Release|Any CPU.Build.0 = Release|Any CPU
	EndGlobalSection
	GlobalSection(SolutionProperties) = preSolution
		HideSolutionNode = FALSE
	EndGlobalSection
	GlobalSection(ExtensibilityGlobals) = postSolution
		SolutionGuid = {FB33B8EC-D4EE-48D2-B2E3-6DADB6421EB1}
	EndGlobalSection
EndGlobal
