
Microsoft Visual Studio Solution File, Format Version 12.00
# Visual Studio 15
VisualStudioVersion = 15.0.26730.16
MinimumVisualStudioVersion = 10.0.40219.1
Project("{FAE04EC0-301F-11D3-BF4B-00C04F79EFBC}") = "Westpfälzer.Core", "Westpfälzer.Core\Westpfälzer.Core.csproj", "{FA889CC2-6313-4550-A417-9D5B4C129144}"
EndProject
Global
	GlobalSection(SolutionConfigurationPlatforms) = preSolution
		Debug|Any CPU = Debug|Any CPU
		Release|Any CPU = Release|Any CPU
	EndGlobalSection
	GlobalSection(ProjectConfigurationPlatforms) = postSolution
		{FA889CC2-6313-4550-A417-9D5B4C129144}.Debug|Any CPU.ActiveCfg = Debug|Any CPU
		{FA889CC2-6313-4550-A417-9D5B4C129144}.Debug|Any CPU.Build.0 = Debug|Any CPU
		{FA889CC2-6313-4550-A417-9D5B4C129144}.Release|Any CPU.ActiveCfg = Release|Any CPU
		{FA889CC2-6313-4550-A417-9D5B4C129144}.Release|Any CPU.Build.0 = Release|Any CPU
	EndGlobalSection
	GlobalSection(SolutionProperties) = preSolution
		HideSolutionNode = FALSE
	EndGlobalSection
	GlobalSection(ExtensibilityGlobals) = postSolution
		SolutionGuid = {228ABAC6-E06D-4D98-8378-C6244E821B6E}
	EndGlobalSection
EndGlobal
